{
  "version": 4,
  "terraform_version": "1.6.5",
  "serial": 3,
  "lineage": "02a753a0-0cb2-d081-2297-43bd997ec9f4",
  "outputs": {},
  "resources": [
    {
      "mode": "managed",
      "type": "aws_iam_user",
      "name": "iam",
      "provider": "provider[\"registry.terraform.io/hashicorp/aws\"]",
      "instances": [
        {
          "index_key": "user-01",
          "schema_version": 0,
          "attributes": {
            "arn": "arn:aws:iam::298132369629:user/user-01",
            "force_destroy": false,
            "id": "user-01",
            "name": "user-01",
            "path": "/",
            "permissions_boundary": "",
            "tags": null,
            "tags_all": {},
            "unique_id": "AIDAUK2QS6DOVRVM5K4T2"
          },
          "sensitive_attributes": [],
          "private": "bnVsbA=="
        },
        {
          "index_key": "user-02",
          "schema_version": 0,
          "attributes": {
            "arn": "arn:aws:iam::298132369629:user/user-02",
            "force_destroy": false,
            "id": "user-02",
            "name": "user-02",
            "path": "/",
            "permissions_boundary": "",
            "tags": null,
            "tags_all": {},
            "unique_id": "AIDAUK2QS6DO5SHA6KRLN"
          },
          "sensitive_attributes": [],
          "private": "bnVsbA=="
        },
        {
          "index_key": "user-03",
          "schema_version": 0,
          "attributes": {
            "arn": "arn:aws:iam::298132369629:user/user-03",
            "force_destroy": false,
            "id": "user-03",
            "name": "user-03",
            "path": "/",
            "permissions_boundary": "",
            "tags": null,
            "tags_all": {},
            "unique_id": "AIDAUK2QS6DOVJAMHKRJO"
          },
          "sensitive_attributes": [],
          "private": "bnVsbA=="
        }
      ]
    }
  ],
  "check_results": null
}
