{
  "version": 4,
  "terraform_version": "1.6.5",
  "serial": 12,
  "lineage": "ed0a4968-4f1e-1126-e3e9-7e46ec6c87cf",
  "outputs": {},
  "resources": [
    {
      "mode": "managed",
      "type": "aws_iam_user",
      "name": "lb",
      "provider": "provider[\"registry.terraform.io/hashicorp/aws\"]",
      "instances": [
        {
          "index_key": 0,
          "schema_version": 0,
          "attributes": {
            "arn": "arn:aws:iam::298132369629:user/system/dev-loadbaalancer",
            "force_destroy": false,
            "id": "dev-loadbaalancer",
            "name": "dev-loadbaalancer",
            "path": "/system/",
            "permissions_boundary": "",
            "tags": null,
            "tags_all": {},
            "unique_id": "AIDAUK2QS6DOSTALITOTY"
          },
          "sensitive_attributes": [],
          "private": "bnVsbA=="
        },
        {
          "index_key": 1,
          "schema_version": 0,
          "attributes": {
            "arn": "arn:aws:iam::298132369629:user/system/stage-loadbalancer",
            "force_destroy": false,
            "id": "stage-loadbalancer",
            "name": "stage-loadbalancer",
            "path": "/system/",
            "permissions_boundary": "",
            "tags": null,
            "tags_all": {},
            "unique_id": "AIDAUK2QS6DO3QLT7ENHL"
          },
          "sensitive_attributes": [],
          "private": "bnVsbA=="
        },
        {
          "index_key": 2,
          "schema_version": 0,
          "attributes": {
            "arn": "arn:aws:iam::298132369629:user/system/prod-loadbalancer",
            "force_destroy": false,
            "id": "prod-loadbalancer",
            "name": "prod-loadbalancer",
            "path": "/system/",
            "permissions_boundary": "",
            "tags": null,
            "tags_all": {},
            "unique_id": "AIDAUK2QS6DO24ZOXOMH2"
          },
          "sensitive_attributes": [],
          "private": "bnVsbA=="
        }
      ]
    }
  ],
  "check_results": null
}
